{
  "originHash" : "55c556d3d4c6c34af1943fc92113e758e9765f2786835a64b2cb6968e890c74a",
  "pins" : [
    {
      "identity" : "capacitor-swift-pm",
      "kind" : "remoteSourceControl",
      "location" : "https://github.com/ionic-team/capacitor-swift-pm.git",
      "state" : {
        "revision" : "9b9fb0af76b2b653f6e9b999f658adc132b9ab4c",
        "version" : "8.4.2"
      }
    },
    {
      "identity" : "ion-ios-filesystem",
      "kind" : "remoteSourceControl",
      "location" : "https://github.com/ionic-team/ion-ios-filesystem.git",
      "state" : {
        "revision" : "0d81e26e828ff9582807e2339112cedf2e0fab85",
        "version" : "1.1.2"
      }
    },
    {
      "identity" : "ion-ios-filetransfer",
      "kind" : "remoteSourceControl",
      "location" : "https://github.com/ionic-team/ion-ios-filetransfer.git",
      "state" : {
        "revision" : "3694f729844bf65134203cfda03b07ccca8977a9",
        "version" : "1.0.3"
      }
    }
  ],
  "version" : 3
}
